
Microsoft Visual Studio Solution File, Format Version 12.00
# Visual Studio 15
VisualStudioVersion = 15.0.27703.2035
MinimumVisualStudioVersion = 10.0.40219.1
Project("{FAE04EC0-301F-11D3-BF4B-00C04F79EFBC}") = "SimpleWebBrowser", "SimpleWebBrowser\SimpleWebBrowser.csproj", "{DA2B6BB8-EF02-431C-A076-DFDFF232456E}"
EndProject
Global
	GlobalSection(SolutionConfigurationPlatforms) = preSolution
		Debug|Any CPU = Debug|Any CPU
		Release|Any CPU = Release|Any CPU
	EndGlobalSection
	GlobalSection(ProjectConfigurationPlatforms) = postSolution
		{DA2B6BB8-EF02-431C-A076-DFDFF232456E}.Debug|Any CPU.ActiveCfg = Debug|Any CPU
		{DA2B6BB8-EF02-431C-A076-DFDFF232456E}.Debug|Any CPU.Build.0 = Debug|Any CPU
		{DA2B6BB8-EF02-431C-A076-DFDFF232456E}.Release|Any CPU.ActiveCfg = Release|Any CPU
		{DA2B6BB8-EF02-431C-A076-DFDFF232456E}.Release|Any CPU.Build.0 = Release|Any CPU
	EndGlobalSection
	GlobalSection(SolutionProperties) = preSolution
		HideSolutionNode = FALSE
	EndGlobalSection
	GlobalSection(ExtensibilityGlobals) = postSolution
		SolutionGuid = {1C7522EF-3127-4A5B-B990-5E219AAF80F1}
	EndGlobalSection
EndGlobal
